
Microsoft Visual Studio Solution File, Format Version 12.00
# Visual Studio Version 17
VisualStudioVersion = 17.13.35825.156 d17.13
MinimumVisualStudioVersion = 10.0.40219.1
Project("{FAE04EC0-301F-11D3-BF4B-00C04F79EFBC}") = "Pokemon_Battle_Simulator3_joris", "Pokemon_Battle_Simulator3_joris\Pokemon_Battle_Simulator3_joris.csproj", "{30EC3847-89BF-4028-885C-98377A08C4EC}"
EndProject
Global
	GlobalSection(SolutionConfigurationPlatforms) = preSolution
		Debug|Any CPU = Debug|Any CPU
		Release|Any CPU = Release|Any CPU
	EndGlobalSection
	GlobalSection(ProjectConfigurationPlatforms) = postSolution
		{30EC3847-89BF-4028-885C-98377A08C4EC}.Debug|Any CPU.ActiveCfg = Debug|Any CPU
		{30EC3847-89BF-4028-885C-98377A08C4EC}.Debug|Any CPU.Build.0 = Debug|Any CPU
		{30EC3847-89BF-4028-885C-98377A08C4EC}.Release|Any CPU.ActiveCfg = Release|Any CPU
		{30EC3847-89BF-4028-885C-98377A08C4EC}.Release|Any CPU.Build.0 = Release|Any CPU
	EndGlobalSection
	GlobalSection(SolutionProperties) = preSolution
		HideSolutionNode = FALSE
	EndGlobalSection
	GlobalSection(ExtensibilityGlobals) = postSolution
		SolutionGuid = {5EE2EE27-BA55-4016-95C6-C6EA2B12857E}
	EndGlobalSection
EndGlobal
